// !$*UTF8*$!
{
	archiveVersion = 1;
	classes = {
	};
	objectVersion = 46;
	objects = {

/* Begin PBXBuildFile section */
		2778A710183E93C6007780A6 /* Foundation.framework in Frameworks */ = {isa = PBXBuildFile; fileRef = 2778A70F183E93C6007780A6 /* Foundation.framework */; };
		2778A712183E93C6007780A6 /* CoreGraphics.framework in Frameworks */ = {isa = PBXBuildFile; fileRef = 2778A711183E93C6007780A6 /* CoreGraphics.framework */; };
		2778A714183E93C6007780A6 /* UIKit.framework in Frameworks */ = {isa = PBXBuildFile; fileRef = 2778A713183E93C6007780A6 /* UIKit.framework */; };
		2778A71A183E93C6007780A6 /* InfoPlist.strings in Resources */ = {isa = PBXBuildFile; fileRef = 2778A718183E93C6007780A6 /* InfoPlist.strings */; };
		2778A71C183E93C6007780A6 /* main.m in Sources */ = {isa = PBXBuildFile; fileRef = 2778A71B183E93C6007780A6 /* main.m */; };
		2778A720183E93C6007780A6 /* Nov21AppDelegate.m in Sources */ = {isa = PBXBuildFile; fileRef = 2778A71F183E93C6007780A6 /* Nov21AppDelegate.m */; };
		2778A722183E93C6007780A6 /* Images.xcassets in Resources */ = {isa = PBXBuildFile; fileRef = 2778A721183E93C6007780A6 /* Images.xcassets */; };
		2778A729183E93C6007780A6 /* XCTest.framework in Frameworks */ = {isa = PBXBuildFile; fileRef = 2778A728183E93C6007780A6 /* XCTest.framework */; };
		2778A72A183E93C6007780A6 /* Foundation.framework in Frameworks */ = {isa = PBXBuildFile; fileRef = 2778A70F183E93C6007780A6 /* Foundation.framework */; };
		2778A72B183E93C6007780A6 /* UIKit.framework in Frameworks */ = {isa = PBXBuildFile; fileRef = 2778A713183E93C6007780A6 /* UIKit.framework */; };
		2778A733183E93C6007780A6 /* InfoPlist.strings in Resources */ = {isa = PBXBuildFile; fileRef = 2778A731183E93C6007780A6 /* InfoPlist.strings */; };
		2778A735183E93C6007780A6 /* Nov21Tests.m in Sources */ = {isa = PBXBuildFile; fileRef = 2778A734183E93C6007780A6 /* Nov21Tests.m */; };
/* End PBXBuildFile section */

/* Begin PBXContainerItemProxy section */
		2778A72C183E93C6007780A6 /* PBXContainerItemProxy */ = {
			isa = PBXContainerItemProxy;
			containerPortal = 2778A704183E93C6007780A6 /* Project object */;
			proxyType = 1;
			remoteGlobalIDString = 2778A70B183E93C6007780A6;
			remoteInfo = Nov21;
		};
/* End PBXContainerItemProxy section */

/* Begin PBXFileReference section */
		2778A70C183E93C6007780A6 /* Nov21.app */ = {isa = PBXFileReference; explicitFileType = wrapper.application; includeInIndex = 0; path = Nov21.app; sourceTree = BUILT_PRODUCTS_DIR; };
		2778A70F183E93C6007780A6 /* Foundation.framework */ = {isa = PBXFileReference; lastKnownFileType = wrapper.framework; name = Foundation.framework; path = System/Library/Frameworks/Foundation.framework; sourceTree = SDKROOT; };
		2778A711183E93C6007780A6 /* CoreGraphics.framework */ = {isa = PBXFileReference; lastKnownFileType = wrapper.framework; name = CoreGraphics.framework; path = System/Library/Frameworks/CoreGraphics.framework; sourceTree = SDKROOT; };
		2778A713183E93C6007780A6 /* UIKit.framework */ = {isa = PBXFileReference; lastKnownFileType = wrapper.framework; name = UIKit.framework; path = System/Library/Frameworks/UIKit.framework; sourceTree = SDKROOT; };
		2778A717183E93C6007780A6 /* Nov21-Info.plist */ = {isa = PBXFileReference; lastKnownFileType = text.plist.xml; path = "Nov21-Info.plist"; sourceTree = "<group>"; };
		2778A719183E93C6007780A6 /* en */ = {isa = PBXFileReference; lastKnownFileType = text.plist.strings; name = en; path = en.lproj/InfoPlist.strings; sourceTree = "<group>"; };
		2778A71B183E93C6007780A6 /* main.m */ = {isa = PBXFileReference; lastKnownFileType = sourcecode.c.objc; path = main.m; sourceTree = "<group>"; };
		2778A71D183E93C6007780A6 /* Nov21-Prefix.pch */ = {isa = PBXFileReference; lastKnownFileType = sourcecode.c.h; path = "Nov21-Prefix.pch"; sourceTree = "<group>"; };
		2778A71E183E93C6007780A6 /* Nov21AppDelegate.h */ = {isa = PBXFileReference; lastKnownFileType = sourcecode.c.h; path = Nov21AppDelegate.h; sourceTree = "<group>"; };
		2778A71F183E93C6007780A6 /* Nov21AppDelegate.m */ = {isa = PBXFileReference; lastKnownFileType = sourcecode.c.objc; path = Nov21AppDelegate.m; sourceTree = "<group>"; };
		2778A721183E93C6007780A6 /* Images.xcassets */ = {isa = PBXFileReference; lastKnownFileType = folder.assetcatalog; path = Images.xcassets; sourceTree = "<group>"; };
		2778A727183E93C6007780A6 /* Nov21Tests.xctest */ = {isa = PBXFileReference; explicitFileType = wrapper.cfbundle; includeInIndex = 0; path = Nov21Tests.xctest; sourceTree = BUILT_PRODUCTS_DIR; };
		2778A728183E93C6007780A6 /* XCTest.framework */ = {isa = PBXFileReference; lastKnownFileType = wrapper.framework; name = XCTest.framework; path = Library/Frameworks/XCTest.framework; sourceTree = DEVELOPER_DIR; };
		2778A730183E93C6007780A6 /* Nov21Tests-Info.plist */ = {isa = PBXFileReference; lastKnownFileType = text.plist.xml; path = "Nov21Tests-Info.plist"; sourceTree = "<group>"; };
		2778A732183E93C6007780A6 /* en */ = {isa = PBXFileReference; lastKnownFileType = text.plist.strings; name = en; path = en.lproj/InfoPlist.strings; sourceTree = "<group>"; };
		2778A734183E93C6007780A6 /* Nov21Tests.m */ = {isa = PBXFileReference; lastKnownFileType = sourcecode.c.objc; path = Nov21Tests.m; sourceTree = "<group>"; };
/* End PBXFileReference section */

/* Begin PBXFrameworksBuildPhase section */
		2778A709183E93C6007780A6 /* Frameworks */ = {
			isa = PBXFrameworksBuildPhase;
			buildActionMask = 2147483647;
			files = (
				2778A712183E93C6007780A6 /* CoreGraphics.framework in Frameworks */,
				2778A714183E93C6007780A6 /* UIKit.framework in Frameworks */,
				2778A710183E93C6007780A6 /* Foundation.framework in Frameworks */,
			);
			runOnlyForDeploymentPostprocessing = 0;
		};
		2778A724183E93C6007780A6 /* Frameworks */ = {
			isa = PBXFrameworksBuildPhase;
			buildActionMask = 2147483647;
			files = (
				2778A729183E93C6007780A6 /* XCTest.framework in Frameworks */,
				2778A72B183E93C6007780A6 /* UIKit.framework in Frameworks */,
				2778A72A183E93C6007780A6 /* Foundation.framework in Frameworks */,
			);
			runOnlyForDeploymentPostprocessing = 0;
		};
/* End PBXFrameworksBuildPhase section */

/* Begin PBXGroup section */
		2778A703183E93C6007780A6 = {
			isa = PBXGroup;
			children = (
				2778A715183E93C6007780A6 /* Nov21 */,
				2778A72E183E93C6007780A6 /* Nov21Tests */,
				2778A70E183E93C6007780A6 /* Frameworks */,
				2778A70D183E93C6007780A6 /* Products */,
			);
			sourceTree = "<group>";
		};
		2778A70D183E93C6007780A6 /* Products */ = {
			isa = PBXGroup;
			children = (
				2778A70C183E93C6007780A6 /* Nov21.app */,
				2778A727183E93C6007780A6 /* Nov21Tests.xctest */,
			);
			name = Products;
			sourceTree = "<group>";
		};
		2778A70E183E93C6007780A6 /* Frameworks */ = {
			isa = PBXGroup;
			children = (
				2778A70F183E93C6007780A6 /* Foundation.framework */,
				2778A711183E93C6007780A6 /* CoreGraphics.framework */,
				2778A713183E93C6007780A6 /* UIKit.framework */,
				2778A728183E93C6007780A6 /* XCTest.framework */,
			);
			name = Frameworks;
			sourceTree = "<group>";
		};
		2778A715183E93C6007780A6 /* Nov21 */ = {
			isa = PBXGroup;
			children = (
				2778A71E183E93C6007780A6 /* Nov21AppDelegate.h */,
				2778A71F183E93C6007780A6 /* Nov21AppDelegate.m */,
				2778A721183E93C6007780A6 /* Images.xcassets */,
				2778A716183E93C6007780A6 /* Supporting Files */,
			);
			path = Nov21;
			sourceTree = "<group>";
		};
		2778A716183E93C6007780A6 /* Supporting Files */ = {
			isa = PBXGroup;
			children = (
				2778A717183E93C6007780A6 /* Nov21-Info.plist */,
				2778A718183E93C6007780A6 /* InfoPlist.strings */,
				2778A71B183E93C6007780A6 /* main.m */,
				2778A71D183E93C6007780A6 /* Nov21-Prefix.pch */,
			);
			name = "Supporting Files";
			sourceTree = "<group>";
		};
		2778A72E183E93C6007780A6 /* Nov21Tests */ = {
			isa = PBXGroup;
			children = (
				2778A734183E93C6007780A6 /* Nov21Tests.m */,
				2778A72F183E93C6007780A6 /* Supporting Files */,
			);
			path = Nov21Tests;
			sourceTree = "<group>";
		};
		2778A72F183E93C6007780A6 /* Supporting Files */ = {
			isa = PBXGroup;
			children = (
				2778A730183E93C6007780A6 /* Nov21Tests-Info.plist */,
				2778A731183E93C6007780A6 /* InfoPlist.strings */,
			);
			name = "Supporting Files";
			sourceTree = "<group>";
		};
/* End PBXGroup section */

/* Begin PBXNativeTarget section */
		2778A70B183E93C6007780A6 /* Nov21 */ = {
			isa = PBXNativeTarget;
			buildConfigurationList = 2778A738183E93C6007780A6 /* Build configuration list for PBXNativeTarget "Nov21" */;
			buildPhases = (
				2778A708183E93C6007780A6 /* Sources */,
				2778A709183E93C6007780A6 /* Frameworks */,
				2778A70A183E93C6007780A6 /* Resources */,
			);
			buildRules = (
			);
			dependencies = (
			);
			name = Nov21;
			productName = Nov21;
			productReference = 2778A70C183E93C6007780A6 /* Nov21.app */;
			productType = "com.apple.product-type.application";
		};
		2778A726183E93C6007780A6 /* Nov21Tests */ = {
			isa = PBXNativeTarget;
			buildConfigurationList = 2778A73B183E93C6007780A6 /* Build configuration list for PBXNativeTarget "Nov21Tests" */;
			buildPhases = (
				2778A723183E93C6007780A6 /* Sources */,
				2778A724183E93C6007780A6 /* Frameworks */,
				2778A725183E93C6007780A6 /* Resources */,
			);
			buildRules = (
			);
			dependencies = (
				2778A72D183E93C6007780A6 /* PBXTargetDependency */,
			);
			name = Nov21Tests;
			productName = Nov21Tests;
			productReference = 2778A727183E93C6007780A6 /* Nov21Tests.xctest */;
			productType = "com.apple.product-type.bundle.unit-test";
		};
/* End PBXNativeTarget section */

/* Begin PBXProject section */
		2778A704183E93C6007780A6 /* Project object */ = {
			isa = PBXProject;
			attributes = {
				CLASSPREFIX = Nov21;
				LastUpgradeCheck = 0500;
				ORGANIZATIONNAME = FintechSolutions;
				TargetAttributes = {
					2778A726183E93C6007780A6 = {
						TestTargetID = 2778A70B183E93C6007780A6;
					};
				};
			};
			buildConfigurationList = 2778A707183E93C6007780A6 /* Build configuration list for PBXProject "Nov21" */;
			compatibilityVersion = "Xcode 3.2";
			developmentRegion = English;
			hasScannedForEncodings = 0;
			knownRegions = (
				en,
			);
			mainGroup = 2778A703183E93C6007780A6;
			productRefGroup = 2778A70D183E93C6007780A6 /* Products */;
			projectDirPath = "";
			projectRoot = "";
			targets = (
				2778A70B183E93C6007780A6 /* Nov21 */,
				2778A726183E93C6007780A6 /* Nov21Tests */,
			);
		};
/* End PBXProject section */

/* Begin PBXResourcesBuildPhase section */
		2778A70A183E93C6007780A6 /* Resources */ = {
			isa = PBXResourcesBuildPhase;
			buildActionMask = 2147483647;
			files = (
				2778A71A183E93C6007780A6 /* InfoPlist.strings in Resources */,
				2778A722183E93C6007780A6 /* Images.xcassets in Resources */,
			);
			runOnlyForDeploymentPostprocessing = 0;
		};
		2778A725183E93C6007780A6 /* Resources */ = {
			isa = PBXResourcesBuildPhase;
			buildActionMask = 2147483647;
			files = (
				2778A733183E93C6007780A6 /* InfoPlist.strings in Resources */,
			);
			runOnlyForDeploymentPostprocessing = 0;
		};
/* End PBXResourcesBuildPhase section */

/* Begin PBXSourcesBuildPhase section */
		2778A708183E93C6007780A6 /* Sources */ = {
			isa = PBXSourcesBuildPhase;
			buildActionMask = 2147483647;
			files = (
				2778A71C183E93C6007780A6 /* main.m in Sources */,
				2778A720183E93C6007780A6 /* Nov21AppDelegate.m in Sources */,
			);
			runOnlyForDeploymentPostprocessing = 0;
		};
		2778A723183E93C6007780A6 /* Sources */ = {
			isa = PBXSourcesBuildPhase;
			buildActionMask = 2147483647;
			files = (
				2778A735183E93C6007780A6 /* Nov21Tests.m in Sources */,
			);
			runOnlyForDeploymentPostprocessing = 0;
		};
/* End PBXSourcesBuildPhase section */

/* Begin PBXTargetDependency section */
		2778A72D183E93C6007780A6 /* PBXTargetDependency */ = {
			isa = PBXTargetDependency;
			target = 2778A70B183E93C6007780A6 /* Nov21 */;
			targetProxy = 2778A72C183E93C6007780A6 /* PBXContainerItemProxy */;
		};
/* End PBXTargetDependency section */

/* Begin PBXVariantGroup section */
		2778A718183E93C6007780A6 /* InfoPlist.strings */ = {
			isa = PBXVariantGroup;
			children = (
				2778A719183E93C6007780A6 /* en */,
			);
			name = InfoPlist.strings;
			sourceTree = "<group>";
		};
		2778A731183E93C6007780A6 /* InfoPlist.strings */ = {
			isa = PBXVariantGroup;
			children = (
				2778A732183E93C6007780A6 /* en */,
			);
			name = InfoPlist.strings;
			sourceTree = "<group>";
		};
/* End PBXVariantGroup section */

/* Begin XCBuildConfiguration section */
		2778A736183E93C6007780A6 /* Debug */ = {
			isa = XCBuildConfiguration;
			buildSettings = {
				ALWAYS_SEARCH_USER_PATHS = NO;
				ARCHS = "$(ARCHS_STANDARD_INCLUDING_64_BIT)";
				CLANG_CXX_LANGUAGE_STANDARD = "gnu++0x";
				CLANG_CXX_LIBRARY = "libc++";
				CLANG_ENABLE_MODULES = YES;
				CLANG_ENABLE_OBJC_ARC = YES;
				CLANG_WARN_BOOL_CONVERSION = YES;
				CLANG_WARN_CONSTANT_CONVERSION = YES;
				CLANG_WARN_DIRECT_OBJC_ISA_USAGE = YES_ERROR;
				CLANG_WARN_EMPTY_BODY = YES;
				CLANG_WARN_ENUM_CONVERSION = YES;
				CLANG_WARN_INT_CONVERSION = YES;
				CLANG_WARN_OBJC_ROOT_CLASS = YES_ERROR;
				CLANG_WARN__DUPLICATE_METHOD_MATCH = YES;
				"CODE_SIGN_IDENTITY[sdk=iphoneos*]" = "iPhone Developer";
				COPY_PHASE_STRIP = NO;
				GCC_C_LANGUAGE_STANDARD = gnu99;
				GCC_DYNAMIC_NO_PIC = NO;
				GCC_OPTIMIZATION_LEVEL = 0;
				GCC_PREPROCESSOR_DEFINITIONS = (
					"DEBUG=1",
					"$(inherited)",
				);
				GCC_SYMBOLS_PRIVATE_EXTERN = NO;
				GCC_WARN_64_TO_32_BIT_CONVERSION = YES;
				GCC_WARN_ABOUT_RETURN_TYPE = YES_ERROR;
				GCC_WARN_UNDECLARED_SELECTOR = YES;
				GCC_WARN_UNINITIALIZED_AUTOS = YES;
				GCC_WARN_UNUSED_FUNCTION = YES;
				GCC_WARN_UNUSED_VARIABLE = YES;
				IPHONEOS_DEPLOYMENT_TARGET = 7.0;
				ONLY_ACTIVE_ARCH = YES;
				SDKROOT = iphoneos;
			};
			name = Debug;
		};
		2778A737183E93C6007780A6 /* Release */ = {
			isa = XCBuildConfiguration;
			buildSettings = {
				ALWAYS_SEARCH_USER_PATHS = NO;
				ARCHS = "$(ARCHS_STANDARD_INCLUDING_64_BIT)";
				CLANG_CXX_LANGUAGE_STANDARD = "gnu++0x";
				CLANG_CXX_LIBRARY = "libc++";
				CLANG_ENABLE_MODULES = YES;
				CLANG_ENABLE_OBJC_ARC = YES;
				CLANG_WARN_BOOL_CONVERSION = YES;
				CLANG_WARN_CONSTANT_CONVERSION = YES;
				CLANG_WARN_DIRECT_OBJC_ISA_USAGE = YES_ERROR;
				CLANG_WARN_EMPTY_BODY = YES;
				CLANG_WARN_ENUM_CONVERSION = YES;
				CLANG_WARN_INT_CONVERSION = YES;
				CLANG_WARN_OBJC_ROOT_CLASS = YES_ERROR;
				CLANG_WARN__DUPLICATE_METHOD_MATCH = YES;
				"CODE_SIGN_IDENTITY[sdk=iphoneos*]" = "iPhone Developer";
				COPY_PHASE_STRIP = YES;
				ENABLE_NS_ASSERTIONS = NO;
				GCC_C_LANGUAGE_STANDARD = gnu99;
				GCC_WARN_64_TO_32_BIT_CONVERSION = YES;
				GCC_WARN_ABOUT_RETURN_TYPE = YES_ERROR;
				GCC_WARN_UNDECLARED_SELECTOR = YES;
				GCC_WARN_UNINITIALIZED_AUTOS = YES;
				GCC_WARN_UNUSED_FUNCTION = YES;
				GCC_WARN_UNUSED_VARIABLE = YES;
				IPHONEOS_DEPLOYMENT_TARGET = 7.0;
				SDKROOT = iphoneos;
				VALIDATE_PRODUCT = YES;
			};
			name = Release;
		};
		2778A739183E93C6007780A6 /* Debug */ = {
			isa = XCBuildConfiguration;
			buildSettings = {
				ASSETCATALOG_COMPILER_APPICON_NAME = AppIcon;
				ASSETCATALOG_COMPILER_LAUNCHIMAGE_NAME = LaunchImage;
				GCC_PRECOMPILE_PREFIX_HEADER = YES;
				GCC_PREFIX_HEADER = "Nov21/Nov21-Prefix.pch";
				INFOPLIST_FILE = "Nov21/Nov21-Info.plist";
				PRODUCT_NAME = "$(TARGET_NAME)";
				WRAPPER_EXTENSION = app;
			};
			name = Debug;
		};
		2778A73A183E93C6007780A6 /* Release */ = {
			isa = XCBuildConfiguration;
			buildSettings = {
				ASSETCATALOG_COMPILER_APPICON_NAME = AppIcon;
				ASSETCATALOG_COMPILER_LAUNCHIMAGE_NAME = LaunchImage;
				GCC_PRECOMPILE_PREFIX_HEADER = YES;
				GCC_PREFIX_HEADER = "Nov21/Nov21-Prefix.pch";
				INFOPLIST_FILE = "Nov21/Nov21-Info.plist";
				PRODUCT_NAME = "$(TARGET_NAME)";
				WRAPPER_EXTENSION = app;
			};
			name = Release;
		};
		2778A73C183E93C6007780A6 /* Debug */ = {
			isa = XCBuildConfiguration;
			buildSettings = {
				ARCHS = "$(ARCHS_STANDARD_INCLUDING_64_BIT)";
				BUNDLE_LOADER = "$(BUILT_PRODUCTS_DIR)/Nov21.app/Nov21";
				FRAMEWORK_SEARCH_PATHS = (
					"$(SDKROOT)/Developer/Library/Frameworks",
					"$(inherited)",
					"$(DEVELOPER_FRAMEWORKS_DIR)",
				);
				GCC_PRECOMPILE_PREFIX_HEADER = YES;
				GCC_PREFIX_HEADER = "Nov21/Nov21-Prefix.pch";
				GCC_PREPROCESSOR_DEFINITIONS = (
					"DEBUG=1",
					"$(inherited)",
				);
				INFOPLIST_FILE = "Nov21Tests/Nov21Tests-Info.plist";
				PRODUCT_NAME = "$(TARGET_NAME)";
				TEST_HOST = "$(BUNDLE_LOADER)";
				WRAPPER_EXTENSION = xctest;
			};
			name = Debug;
		};
		2778A73D183E93C6007780A6 /* Release */ = {
			isa = XCBuildConfiguration;
			buildSettings = {
				ARCHS = "$(ARCHS_STANDARD_INCLUDING_64_BIT)";
				BUNDLE_LOADER = "$(BUILT_PRODUCTS_DIR)/Nov21.app/Nov21";
				FRAMEWORK_SEARCH_PATHS = (
					"$(SDKROOT)/Developer/Library/Frameworks",
					"$(inherited)",
					"$(DEVELOPER_FRAMEWORKS_DIR)",
				);
				GCC_PRECOMPILE_PREFIX_HEADER = YES;
				GCC_PREFIX_HEADER = "Nov21/Nov21-Prefix.pch";
				INFOPLIST_FILE = "Nov21Tests/Nov21Tests-Info.plist";
				PRODUCT_NAME = "$(TARGET_NAME)";
				TEST_HOST = "$(BUNDLE_LOADER)";
				WRAPPER_EXTENSION = xctest;
			};
			name = Release;
		};
/* End XCBuildConfiguration section */

/* Begin XCConfigurationList section */
		2778A707183E93C6007780A6 /* Build configuration list for PBXProject "Nov21" */ = {
			isa = XCConfigurationList;
			buildConfigurations = (
				2778A736183E93C6007780A6 /* Debug */,
				2778A737183E93C6007780A6 /* Release */,
			);
			defaultConfigurationIsVisible = 0;
			defaultConfigurationName = Release;
		};
		2778A738183E93C6007780A6 /* Build configuration list for PBXNativeTarget "Nov21" */ = {
			isa = XCConfigurationList;
			buildConfigurations = (
				2778A739183E93C6007780A6 /* Debug */,
				2778A73A183E93C6007780A6 /* Release */,
			);
			defaultConfigurationIsVisible = 0;
		};
		2778A73B183E93C6007780A6 /* Build configuration list for PBXNativeTarget "Nov21Tests" */ = {
			isa = XCConfigurationList;
			buildConfigurations = (
				2778A73C183E93C6007780A6 /* Debug */,
				2778A73D183E93C6007780A6 /* Release */,
			);
			defaultConfigurationIsVisible = 0;
		};
/* End XCConfigurationList section */
	};
	rootObject = 2778A704183E93C6007780A6 /* Project object */;
}
